
Microsoft Visual Studio Solution File, Format Version 12.00
# Visual Studio Version 17
VisualStudioVersion = 17.0.31903.59
MinimumVisualStudioVersion = 10.0.40219.1
Project("{FAE04EC0-301F-11D3-BF4B-00C04F79EFBC}") = "DrasticPickerSample.iOS", "DrasticPickerSample.iOS\DrasticPickerSample.iOS.csproj", "{7C313F8A-86C9-4B40-9121-2C3BA276A84A}"
EndProject
Project("{FAE04EC0-301F-11D3-BF4B-00C04F79EFBC}") = "DrasticPickerSample.Catalyst", "DrasticPickerSample.Catalyst\DrasticPickerSample.Catalyst.csproj", "{E5391F7E-CA9D-4472-9C15-C56CEF5DD9A3}"
EndProject
Project("{FAE04EC0-301F-11D3-BF4B-00C04F79EFBC}") = "DrasticPickerSample", "DrasticPickerSample\DrasticPickerSample.csproj", "{E746E218-DF3E-4771-8B9C-775462A4D8F5}"
EndProject
Project("{FAE04EC0-301F-11D3-BF4B-00C04F79EFBC}") = "DrasticPickerSample.tvOS", "DrasticPickerSample.tvOS\DrasticPickerSample.tvOS.csproj", "{DE3B3C2F-8E4F-404C-8751-1928C6F20E6F}"
EndProject
Global
	GlobalSection(SolutionConfigurationPlatforms) = preSolution
		Debug|Any CPU = Debug|Any CPU
		Release|Any CPU = Release|Any CPU
	EndGlobalSection
	GlobalSection(SolutionProperties) = preSolution
		HideSolutionNode = FALSE
	EndGlobalSection
	GlobalSection(ProjectConfigurationPlatforms) = postSolution
		{7C313F8A-86C9-4B40-9121-2C3BA276A84A}.Debug|Any CPU.ActiveCfg = Debug|Any CPU
		{7C313F8A-86C9-4B40-9121-2C3BA276A84A}.Debug|Any CPU.Build.0 = Debug|Any CPU
		{7C313F8A-86C9-4B40-9121-2C3BA276A84A}.Release|Any CPU.ActiveCfg = Release|Any CPU
		{7C313F8A-86C9-4B40-9121-2C3BA276A84A}.Release|Any CPU.Build.0 = Release|Any CPU
		{E5391F7E-CA9D-4472-9C15-C56CEF5DD9A3}.Debug|Any CPU.ActiveCfg = Debug|Any CPU
		{E5391F7E-CA9D-4472-9C15-C56CEF5DD9A3}.Debug|Any CPU.Build.0 = Debug|Any CPU
		{E5391F7E-CA9D-4472-9C15-C56CEF5DD9A3}.Release|Any CPU.ActiveCfg = Release|Any CPU
		{E5391F7E-CA9D-4472-9C15-C56CEF5DD9A3}.Release|Any CPU.Build.0 = Release|Any CPU
		{E746E218-DF3E-4771-8B9C-775462A4D8F5}.Debug|Any CPU.ActiveCfg = Debug|Any CPU
		{E746E218-DF3E-4771-8B9C-775462A4D8F5}.Debug|Any CPU.Build.0 = Debug|Any CPU
		{E746E218-DF3E-4771-8B9C-775462A4D8F5}.Release|Any CPU.ActiveCfg = Release|Any CPU
		{E746E218-DF3E-4771-8B9C-775462A4D8F5}.Release|Any CPU.Build.0 = Release|Any CPU
		{DE3B3C2F-8E4F-404C-8751-1928C6F20E6F}.Debug|Any CPU.ActiveCfg = Debug|Any CPU
		{DE3B3C2F-8E4F-404C-8751-1928C6F20E6F}.Debug|Any CPU.Build.0 = Debug|Any CPU
		{DE3B3C2F-8E4F-404C-8751-1928C6F20E6F}.Release|Any CPU.ActiveCfg = Release|Any CPU
		{DE3B3C2F-8E4F-404C-8751-1928C6F20E6F}.Release|Any CPU.Build.0 = Release|Any CPU
	EndGlobalSection
EndGlobal
